
Microsoft Visual Studio Solution File, Format Version 12.00
# Visual Studio 14
VisualStudioVersion = 14.0.25420.1
MinimumVisualStudioVersion = 10.0.40219.1
Project("{FAE04EC0-301F-11D3-BF4B-00C04F79EFBC}") = "EF.Web", "EF.Web\EF.Web.csproj", "{DA46DB4F-8209-434E-AF45-EC0ED7B9EE7F}"
	ProjectSection(ProjectDependencies) = postProject
		{22CFF779-0498-4D45-BED1-13776B59E179} = {22CFF779-0498-4D45-BED1-13776B59E179}
		{183CD4D0-54E3-4776-8F8F-F67479619652} = {183CD4D0-54E3-4776-8F8F-F67479619652}
	EndProjectSection
EndProject
Project("{FAE04EC0-301F-11D3-BF4B-00C04F79EFBC}") = "EF.Data", "EF.Data\EF.Data.csproj", "{EA20F03D-8656-4D1B-8E0C-456058B8E832}"
EndProject
Project("{FAE04EC0-301F-11D3-BF4B-00C04F79EFBC}") = "EF.Service", "EF.Service\EF.Service.csproj", "{183CD4D0-54E3-4776-8F8F-F67479619652}"
EndProject
Project("{FAE04EC0-301F-11D3-BF4B-00C04F79EFBC}") = "EF.Model", "EF.Model\EF.Model.csproj", "{22CFF779-0498-4D45-BED1-13776B59E179}"
EndProject
Global
	GlobalSection(SolutionConfigurationPlatforms) = preSolution
		Debug|Any CPU = Debug|Any CPU
		Release|Any CPU = Release|Any CPU
	EndGlobalSection
	GlobalSection(ProjectConfigurationPlatforms) = postSolution
		{DA46DB4F-8209-434E-AF45-EC0ED7B9EE7F}.Debug|Any CPU.ActiveCfg = Debug|Any CPU
		{DA46DB4F-8209-434E-AF45-EC0ED7B9EE7F}.Debug|Any CPU.Build.0 = Debug|Any CPU
		{DA46DB4F-8209-434E-AF45-EC0ED7B9EE7F}.Release|Any CPU.ActiveCfg = Release|Any CPU
		{DA46DB4F-8209-434E-AF45-EC0ED7B9EE7F}.Release|Any CPU.Build.0 = Release|Any CPU
		{EA20F03D-8656-4D1B-8E0C-456058B8E832}.Debug|Any CPU.ActiveCfg = Debug|Any CPU
		{EA20F03D-8656-4D1B-8E0C-456058B8E832}.Debug|Any CPU.Build.0 = Debug|Any CPU
		{EA20F03D-8656-4D1B-8E0C-456058B8E832}.Release|Any CPU.ActiveCfg = Release|Any CPU
		{EA20F03D-8656-4D1B-8E0C-456058B8E832}.Release|Any CPU.Build.0 = Release|Any CPU
		{183CD4D0-54E3-4776-8F8F-F67479619652}.Debug|Any CPU.ActiveCfg = Debug|Any CPU
		{183CD4D0-54E3-4776-8F8F-F67479619652}.Debug|Any CPU.Build.0 = Debug|Any CPU
		{183CD4D0-54E3-4776-8F8F-F67479619652}.Release|Any CPU.ActiveCfg = Release|Any CPU
		{183CD4D0-54E3-4776-8F8F-F67479619652}.Release|Any CPU.Build.0 = Release|Any CPU
		{22CFF779-0498-4D45-BED1-13776B59E179}.Debug|Any CPU.ActiveCfg = Debug|Any CPU
		{22CFF779-0498-4D45-BED1-13776B59E179}.Debug|Any CPU.Build.0 = Debug|Any CPU
		{22CFF779-0498-4D45-BED1-13776B59E179}.Release|Any CPU.ActiveCfg = Release|Any CPU
		{22CFF779-0498-4D45-BED1-13776B59E179}.Release|Any CPU.Build.0 = Release|Any CPU
	EndGlobalSection
	GlobalSection(SolutionProperties) = preSolution
		HideSolutionNode = FALSE
	EndGlobalSection
EndGlobal
