
Microsoft Visual Studio Solution File, Format Version 12.00
# Visual Studio 2013
VisualStudioVersion = 12.0.21005.1
MinimumVisualStudioVersion = 10.0.40219.1
Project("{FAE04EC0-301F-11D3-BF4B-00C04F79EFBC}") = "ProductStore.Back", "..\ProductStore.Back\ProductStore.Back.csproj", "{E474041E-5EB0-4BA4-AA7E-0A6F1395FE60}"
EndProject
Project("{FAE04EC0-301F-11D3-BF4B-00C04F79EFBC}") = "ProductStore.Front", "..\ProductStore.Front\ProductStore.Front.csproj", "{FEF88224-B6CA-4E67-805D-10F72EF7FA33}"
EndProject
Global
	GlobalSection(SolutionConfigurationPlatforms) = preSolution
		Debug|Any CPU = Debug|Any CPU
		Release|Any CPU = Release|Any CPU
	EndGlobalSection
	GlobalSection(ProjectConfigurationPlatforms) = postSolution
		{E474041E-5EB0-4BA4-AA7E-0A6F1395FE60}.Debug|Any CPU.ActiveCfg = Debug|Any CPU
		{E474041E-5EB0-4BA4-AA7E-0A6F1395FE60}.Debug|Any CPU.Build.0 = Debug|Any CPU
		{E474041E-5EB0-4BA4-AA7E-0A6F1395FE60}.Release|Any CPU.ActiveCfg = Release|Any CPU
		{E474041E-5EB0-4BA4-AA7E-0A6F1395FE60}.Release|Any CPU.Build.0 = Release|Any CPU
		{FEF88224-B6CA-4E67-805D-10F72EF7FA33}.Debug|Any CPU.ActiveCfg = Debug|Any CPU
		{FEF88224-B6CA-4E67-805D-10F72EF7FA33}.Debug|Any CPU.Build.0 = Debug|Any CPU
		{FEF88224-B6CA-4E67-805D-10F72EF7FA33}.Release|Any CPU.ActiveCfg = Release|Any CPU
		{FEF88224-B6CA-4E67-805D-10F72EF7FA33}.Release|Any CPU.Build.0 = Release|Any CPU
	EndGlobalSection
	GlobalSection(SolutionProperties) = preSolution
		HideSolutionNode = FALSE
	EndGlobalSection
EndGlobal
