
Microsoft Visual Studio Solution File, Format Version 12.00
# Visual Studio 14
VisualStudioVersion = 14.0.25420.1
MinimumVisualStudioVersion = 10.0.40219.1
Project("{FAE04EC0-301F-11D3-BF4B-00C04F79EFBC}") = "WpfApplication1", "WpfApplication1\WpfApplication1.csproj", "{BC8AEC61-1574-42FC-B770-8CA27D3069A2}"
EndProject
Project("{FAE04EC0-301F-11D3-BF4B-00C04F79EFBC}") = "WpfControlLibrary1", "WpfControlLibrary1\WpfControlLibrary1.csproj", "{ED24E46B-CC7A-49CE-9538-901DC547DAB5}"
EndProject
Global
	GlobalSection(SolutionConfigurationPlatforms) = preSolution
		Debug|Any CPU = Debug|Any CPU
		Release|Any CPU = Release|Any CPU
	EndGlobalSection
	GlobalSection(ProjectConfigurationPlatforms) = postSolution
		{BC8AEC61-1574-42FC-B770-8CA27D3069A2}.Debug|Any CPU.ActiveCfg = Debug|Any CPU
		{BC8AEC61-1574-42FC-B770-8CA27D3069A2}.Debug|Any CPU.Build.0 = Debug|Any CPU
		{BC8AEC61-1574-42FC-B770-8CA27D3069A2}.Release|Any CPU.ActiveCfg = Release|Any CPU
		{BC8AEC61-1574-42FC-B770-8CA27D3069A2}.Release|Any CPU.Build.0 = Release|Any CPU
		{ED24E46B-CC7A-49CE-9538-901DC547DAB5}.Debug|Any CPU.ActiveCfg = Debug|Any CPU
		{ED24E46B-CC7A-49CE-9538-901DC547DAB5}.Debug|Any CPU.Build.0 = Debug|Any CPU
		{ED24E46B-CC7A-49CE-9538-901DC547DAB5}.Release|Any CPU.ActiveCfg = Release|Any CPU
		{ED24E46B-CC7A-49CE-9538-901DC547DAB5}.Release|Any CPU.Build.0 = Release|Any CPU
	EndGlobalSection
	GlobalSection(SolutionProperties) = preSolution
		HideSolutionNode = FALSE
	EndGlobalSection
EndGlobal
